// !$*UTF8*$!
{
	archiveVersion = 1;
	classes = {
	};
	objectVersion = 77;
	objects = {

/* Begin PBXContainerItemProxy section */
		28435E102DA570CA001F52D0 /* PBXContainerItemProxy */ = {
			isa = PBXContainerItemProxy;
			containerPortal = 28435DF12DA570C7001F52D0 /* Project object */;
			proxyType = 1;
			remoteGlobalIDString = 28435DF82DA570C7001F52D0;
			remoteInfo = AIAdGenerator;
		};
		28435E1A2DA570CA001F52D0 /* PBXContainerItemProxy */ = {
			isa = PBXContainerItemProxy;
			containerPortal = 28435DF12DA570C7001F52D0 /* Project object */;
			proxyType = 1;
			remoteGlobalIDString = 28435DF82DA570C7001F52D0;
			remoteInfo = AIAdGenerator;
		};
/* End PBXContainerItemProxy section */

/* Begin PBXFileReference section */
		28435DF92DA570C7001F52D0 /* AIAdGenerator.app */ = {isa = PBXFileReference; explicitFileType = wrapper.application; includeInIndex = 0; path = AIAdGenerator.app; sourceTree = BUILT_PRODUCTS_DIR; };
		28435E0F2DA570CA001F52D0 /* AIAdGeneratorTests.xctest */ = {isa = PBXFileReference; explicitFileType = wrapper.cfbundle; includeInIndex = 0; path = AIAdGeneratorTests.xctest; sourceTree = BUILT_PRODUCTS_DIR; };
		28435E192DA570CA001F52D0 /* AIAdGeneratorUITests.xctest */ = {isa = PBXFileReference; explicitFileType = wrapper.cfbundle; includeInIndex = 0; path = AIAdGeneratorUITests.xctest; sourceTree = BUILT_PRODUCTS_DIR; };
/* End PBXFileReference section */

/* Begin PBXFileSystemSynchronizedBuildFileExceptionSet section */
		28435E212DA570CA001F52D0 /* Exceptions for "AIAdGenerator" folder in "AIAdGenerator" target */ = {
			isa = PBXFileSystemSynchronizedBuildFileExceptionSet;
			membershipExceptions = (
				Info.plist,
			);
			target = 28435DF82DA570C7001F52D0 /* AIAdGenerator */;
		};
/* End PBXFileSystemSynchronizedBuildFileExceptionSet section */

/* Begin PBXFileSystemSynchronizedRootGroup section */
		28435DFB2DA570C7001F52D0 /* AIAdGenerator */ = {
			isa = PBXFileSystemSynchronizedRootGroup;
			exceptions = (
				28435E212DA570CA001F52D0 /* Exceptions for "AIAdGenerator" folder in "AIAdGenerator" target */,
			);
			path = AIAdGenerator;
			sourceTree = "<group>";
		};
		28435E122DA570CA001F52D0 /* AIAdGeneratorTests */ = {
			isa = PBXFileSystemSynchronizedRootGroup;
			path = AIAdGeneratorTests;
			sourceTree = "<group>";
		};
		28435E1C2DA570CA001F52D0 /* AIAdGeneratorUITests */ = {
			isa = PBXFileSystemSynchronizedRootGroup;
			path = AIAdGeneratorUITests;
			sourceTree = "<group>";
		};
/* End PBXFileSystemSynchronizedRootGroup section */

/* Begin PBXFrameworksBuildPhase section */
		28435DF62DA570C7001F52D0 /* Frameworks */ = {
			isa = PBXFrameworksBuildPhase;
			buildActionMask = 2147483647;
			files = (
			);
			runOnlyForDeploymentPostprocessing = 0;
		};
		28435E0C2DA570CA001F52D0 /* Frameworks */ = {
			isa = PBXFrameworksBuildPhase;
			buildActionMask = 2147483647;
			files = (
			);
			runOnlyForDeploymentPostprocessing = 0;
		};
		28435E162DA570CA001F52D0 /* Frameworks */ = {
			isa = PBXFrameworksBuildPhase;
			buildActionMask = 2147483647;
			files = (
			);
			runOnlyForDeploymentPostprocessing = 0;
		};
/* End PBXFrameworksBuildPhase section */

/* Begin PBXGroup section */
		28435DF02DA570C7001F52D0 = {
			isa = PBXGroup;
			children = (
				28435DFB2DA570C7001F52D0 /* AIAdGenerator */,
				28435E122DA570CA001F52D0 /* AIAdGeneratorTests */,
				28435E1C2DA570CA001F52D0 /* AIAdGeneratorUITests */,
				28435DFA2DA570C7001F52D0 /* Products */,
			);
			sourceTree = "<group>";
		};
		28435DFA2DA570C7001F52D0 /* Products */ = {
			isa = PBXGroup;
			children = (
				28435DF92DA570C7001F52D0 /* AIAdGenerator.app */,
				28435E0F2DA570CA001F52D0 /* AIAdGeneratorTests.xctest */,
				28435E192DA570CA001F52D0 /* AIAdGeneratorUITests.xctest */,
			);
			name = Products;
			sourceTree = "<group>";
		};
/* End PBXGroup section */

/* Begin PBXNativeTarget section */
		28435DF82DA570C7001F52D0 /* AIAdGenerator */ = {
			isa = PBXNativeTarget;
			buildConfigurationList = 28435E222DA570CA001F52D0 /* Build configuration list for PBXNativeTarget "AIAdGenerator" */;
			buildPhases = (
				28435DF52DA570C7001F52D0 /* Sources */,
				28435DF62DA570C7001F52D0 /* Frameworks */,
				28435DF72DA570C7001F52D0 /* Resources */,
			);
			buildRules = (
			);
			dependencies = (
			);
			fileSystemSynchronizedGroups = (
				28435DFB2DA570C7001F52D0 /* AIAdGenerator */,
			);
			name = AIAdGenerator;
			packageProductDependencies = (
			);
			productName = AIAdGenerator;
			productReference = 28435DF92DA570C7001F52D0 /* AIAdGenerator.app */;
			productType = "com.apple.product-type.application";
		};
		28435E0E2DA570CA001F52D0 /* AIAdGeneratorTests */ = {
			isa = PBXNativeTarget;
			buildConfigurationList = 28435E272DA570CA001F52D0 /* Build configuration list for PBXNativeTarget "AIAdGeneratorTests" */;
			buildPhases = (
				28435E0B2DA570CA001F52D0 /* Sources */,
				28435E0C2DA570CA001F52D0 /* Frameworks */,
				28435E0D2DA570CA001F52D0 /* Resources */,
			);
			buildRules = (
			);
			dependencies = (
				28435E112DA570CA001F52D0 /* PBXTargetDependency */,
			);
			fileSystemSynchronizedGroups = (
				28435E122DA570CA001F52D0 /* AIAdGeneratorTests */,
			);
			name = AIAdGeneratorTests;
			packageProductDependencies = (
			);
			productName = AIAdGeneratorTests;
			productReference = 28435E0F2DA570CA001F52D0 /* AIAdGeneratorTests.xctest */;
			productType = "com.apple.product-type.bundle.unit-test";
		};
		28435E182DA570CA001F52D0 /* AIAdGeneratorUITests */ = {
			isa = PBXNativeTarget;
			buildConfigurationList = 28435E2A2DA570CA001F52D0 /* Build configuration list for PBXNativeTarget "AIAdGeneratorUITests" */;
			buildPhases = (
				28435E152DA570CA001F52D0 /* Sources */,
				28435E162DA570CA001F52D0 /* Frameworks */,
				28435E172DA570CA001F52D0 /* Resources */,
			);
			buildRules = (
			);
			dependencies = (
				28435E1B2DA570CA001F52D0 /* PBXTargetDependency */,
			);
			fileSystemSynchronizedGroups = (
				28435E1C2DA570CA001F52D0 /* AIAdGeneratorUITests */,
			);
			name = AIAdGeneratorUITests;
			packageProductDependencies = (
			);
			productName = AIAdGeneratorUITests;
			productReference = 28435E192DA570CA001F52D0 /* AIAdGeneratorUITests.xctest */;
			productType = "com.apple.product-type.bundle.ui-testing";
		};
/* End PBXNativeTarget section */

/* Begin PBXProject section */
		28435DF12DA570C7001F52D0 /* Project object */ = {
			isa = PBXProject;
			attributes = {
				BuildIndependentTargetsInParallel = 1;
				LastSwiftUpdateCheck = 1610;
				LastUpgradeCheck = 1610;
				TargetAttributes = {
					28435DF82DA570C7001F52D0 = {
						CreatedOnToolsVersion = 16.1;
					};
					28435E0E2DA570CA001F52D0 = {
						CreatedOnToolsVersion = 16.1;
						TestTargetID = 28435DF82DA570C7001F52D0;
					};
					28435E182DA570CA001F52D0 = {
						CreatedOnToolsVersion = 16.1;
						TestTargetID = 28435DF82DA570C7001F52D0;
					};
				};
			};
			buildConfigurationList = 28435DF42DA570C7001F52D0 /* Build configuration list for PBXProject "AIAdGenerator" */;
			developmentRegion = en;
			hasScannedForEncodings = 0;
			knownRegions = (
				en,
				Base,
			);
			mainGroup = 28435DF02DA570C7001F52D0;
			minimizedProjectReferenceProxies = 1;
			preferredProjectObjectVersion = 77;
			productRefGroup = 28435DFA2DA570C7001F52D0 /* Products */;
			projectDirPath = "";
			projectRoot = "";
			targets = (
				28435DF82DA570C7001F52D0 /* AIAdGenerator */,
				28435E0E2DA570CA001F52D0 /* AIAdGeneratorTests */,
				28435E182DA570CA001F52D0 /* AIAdGeneratorUITests */,
			);
		};
/* End PBXProject section */

/* Begin PBXResourcesBuildPhase section */
		28435DF72DA570C7001F52D0 /* Resources */ = {
			isa = PBXResourcesBuildPhase;
			buildActionMask = 2147483647;
			files = (
			);
			runOnlyForDeploymentPostprocessing = 0;
		};
		28435E0D2DA570CA001F52D0 /* Resources */ = {
			isa = PBXResourcesBuildPhase;
			buildActionMask = 2147483647;
			files = (
			);
			runOnlyForDeploymentPostprocessing = 0;
		};
		28435E172DA570CA001F52D0 /* Resources */ = {
			isa = PBXResourcesBuildPhase;
			buildActionMask = 2147483647;
			files = (
			);
			runOnlyForDeploymentPostprocessing = 0;
		};
/* End PBXResourcesBuildPhase section */

/* Begin PBXSourcesBuildPhase section */
		28435DF52DA570C7001F52D0 /* Sources */ = {
			isa = PBXSourcesBuildPhase;
			buildActionMask = 2147483647;
			files = (
			);
			runOnlyForDeploymentPostprocessing = 0;
		};
		28435E0B2DA570CA001F52D0 /* Sources */ = {
			isa = PBXSourcesBuildPhase;
			buildActionMask = 2147483647;
			files = (
			);
			runOnlyForDeploymentPostprocessing = 0;
		};
		28435E152DA570CA001F52D0 /* Sources */ = {
			isa = PBXSourcesBuildPhase;
			buildActionMask = 2147483647;
			files = (
			);
			runOnlyForDeploymentPostprocessing = 0;
		};
/* End PBXSourcesBuildPhase section */

/* Begin PBXTargetDependency section */
		28435E112DA570CA001F52D0 /* PBXTargetDependency */ = {
			isa = PBXTargetDependency;
			target = 28435DF82DA570C7001F52D0 /* AIAdGenerator */;
			targetProxy = 28435E102DA570CA001F52D0 /* PBXContainerItemProxy */;
		};
		28435E1B2DA570CA001F52D0 /* PBXTargetDependency */ = {
			isa = PBXTargetDependency;
			target = 28435DF82DA570C7001F52D0 /* AIAdGenerator */;
			targetProxy = 28435E1A2DA570CA001F52D0 /* PBXContainerItemProxy */;
		};
/* End PBXTargetDependency section */

/* Begin XCBuildConfiguration section */
		28435E232DA570CA001F52D0 /* Debug */ = {
			isa = XCBuildConfiguration;
			buildSettings = {
				ASSETCATALOG_COMPILER_APPICON_NAME = AppIcon;
				ASSETCATALOG_COMPILER_GLOBAL_ACCENT_COLOR_NAME = AccentColor;
				"CODE_SIGN_IDENTITY[sdk=iphoneos*]" = "iPhone Developer";
				CODE_SIGN_STYLE = Manual;
				CURRENT_PROJECT_VERSION = 1;
				DEVELOPMENT_TEAM = "";
				"DEVELOPMENT_TEAM[sdk=iphoneos*]" = 2P9N9P2QS2;
				GENERATE_INFOPLIST_FILE = YES;
				INFOPLIST_FILE = AIAdGenerator/Info.plist;
				INFOPLIST_KEY_UIApplicationSupportsIndirectInputEvents = YES;
				INFOPLIST_KEY_UILaunchStoryboardName = LaunchScreen;
				INFOPLIST_KEY_UIMainStoryboardFile = Main;
				INFOPLIST_KEY_UISupportedInterfaceOrientations_iPad = "UIInterfaceOrientationPortrait UIInterfaceOrientationPortraitUpsideDown UIInterfaceOrientationLandscapeLeft UIInterfaceOrientationLandscapeRight";
				INFOPLIST_KEY_UISupportedInterfaceOrientations_iPhone = "UIInterfaceOrientationPortrait UIInterfaceOrientationLandscapeLeft UIInterfaceOrientationLandscapeRight";
				LD_RUNPATH_SEARCH_PATHS = (
					"$(inherited)",
					"@executable_path/Frameworks",
				);
				MARKETING_VERSION = 1.0;
				PRODUCT_BUNDLE_IDENTIFIER = com.pushtest.temp;
				PRODUCT_NAME = "$(TARGET_NAME)";
				PROVISIONING_PROFILE_SPECIFIER = "";
				"PROVISIONING_PROFILE_SPECIFIER[sdk=iphoneos*]" = "Push Test PP";
				SWIFT_EMIT_LOC_STRINGS = YES;
				SWIFT_VERSION = 5.0;
				TARGETED_DEVICE_FAMILY = "1,2";
			};
			name = Debug;
		};
		28435E242DA570CA001F52D0 /* Release */ = {
			isa = XCBuildConfiguration;
			buildSettings = {
				ASSETCATALOG_COMPILER_APPICON_NAME = AppIcon;
				ASSETCATALOG_COMPILER_GLOBAL_ACCENT_COLOR_NAME = AccentColor;
				"CODE_SIGN_IDENTITY[sdk=iphoneos*]" = "iPhone Developer";
				CODE_SIGN_STYLE = Manual;
				CURRENT_PROJECT_VERSION = 1;
				DEVELOPMENT_TEAM = "";
				"DEVELOPMENT_TEAM[sdk=iphoneos*]" = 2P9N9P2QS2;
				GENERATE_INFOPLIST_FILE = YES;
				INFOPLIST_FILE = AIAdGenerator/Info.plist;
				INFOPLIST_KEY_UIApplicationSupportsIndirectInputEvents = YES;
				INFOPLIST_KEY_UILaunchStoryboardName = LaunchScreen;
				INFOPLIST_KEY_UIMainStoryboardFile = Main;
				INFOPLIST_KEY_UISupportedInterfaceOrientations_iPad = "UIInterfaceOrientationPortrait UIInterfaceOrientationPortraitUpsideDown UIInterfaceOrientationLandscapeLeft UIInterfaceOrientationLandscapeRight";
				INFOPLIST_KEY_UISupportedInterfaceOrientations_iPhone = "UIInterfaceOrientationPortrait UIInterfaceOrientationLandscapeLeft UIInterfaceOrientationLandscapeRight";
				LD_RUNPATH_SEARCH_PATHS = (
					"$(inherited)",
					"@executable_path/Frameworks",
				);
				MARKETING_VERSION = 1.0;
				PRODUCT_BUNDLE_IDENTIFIER = com.pushtest.temp;
				PRODUCT_NAME = "$(TARGET_NAME)";
				PROVISIONING_PROFILE_SPECIFIER = "";
				"PROVISIONING_PROFILE_SPECIFIER[sdk=iphoneos*]" = "Push Test PP";
				SWIFT_EMIT_LOC_STRINGS = YES;
				SWIFT_VERSION = 5.0;
				TARGETED_DEVICE_FAMILY = "1,2";
			};
			name = Release;
		};
		28435E252DA570CA001F52D0 /* Debug */ = {
			isa = XCBuildConfiguration;
			buildSettings = {
				ALWAYS_SEARCH_USER_PATHS = NO;
				ASSETCATALOG_COMPILER_GENERATE_SWIFT_ASSET_SYMBOL_EXTENSIONS = YES;
				CLANG_ANALYZER_NONNULL = YES;
				CLANG_ANALYZER_NUMBER_OBJECT_CONVERSION = YES_AGGRESSIVE;
				CLANG_CXX_LANGUAGE_STANDARD = "gnu++20";
				CLANG_ENABLE_MODULES = YES;
				CLANG_ENABLE_OBJC_ARC = YES;
				CLANG_ENABLE_OBJC_WEAK = YES;
				CLANG_WARN_BLOCK_CAPTURE_AUTORELEASING = YES;
				CLANG_WARN_BOOL_CONVERSION = YES;
				CLANG_WARN_COMMA = YES;
				CLANG_WARN_CONSTANT_CONVERSION = YES;
				CLANG_WARN_DEPRECATED_OBJC_IMPLEMENTATIONS = YES;
				CLANG_WARN_DIRECT_OBJC_ISA_USAGE = YES_ERROR;
				CLANG_WARN_DOCUMENTATION_COMMENTS = YES;
				CLANG_WARN_EMPTY_BODY = YES;
				CLANG_WARN_ENUM_CONVERSION = YES;
				CLANG_WARN_INFINITE_RECURSION = YES;
				CLANG_WARN_INT_CONVERSION = YES;
				CLANG_WARN_NON_LITERAL_NULL_CONVERSION = YES;
				CLANG_WARN_OBJC_IMPLICIT_RETAIN_SELF = YES;
				CLANG_WARN_OBJC_LITERAL_CONVERSION = YES;
				CLANG_WARN_OBJC_ROOT_CLASS = YES_ERROR;
				CLANG_WARN_QUOTED_INCLUDE_IN_FRAMEWORK_HEADER = YES;
				CLANG_WARN_RANGE_LOOP_ANALYSIS = YES;
				CLANG_WARN_STRICT_PROTOTYPES = YES;
				CLANG_WARN_SUSPICIOUS_MOVE = YES;
				CLANG_WARN_UNGUARDED_AVAILABILITY = YES_AGGRESSIVE;
				CLANG_WARN_UNREACHABLE_CODE = YES;
				CLANG_WARN__DUPLICATE_METHOD_MATCH = YES;
				COPY_PHASE_STRIP = NO;
				DEBUG_INFORMATION_FORMAT = dwarf;
				ENABLE_STRICT_OBJC_MSGSEND = YES;
				ENABLE_TESTABILITY = YES;
				ENABLE_USER_SCRIPT_SANDBOXING = YES;
				GCC_C_LANGUAGE_STANDARD = gnu17;
				GCC_DYNAMIC_NO_PIC = NO;
				GCC_NO_COMMON_BLOCKS = YES;
				GCC_OPTIMIZATION_LEVEL = 0;
				GCC_PREPROCESSOR_DEFINITIONS = (
					"DEBUG=1",
					"$(inherited)",
				);
				GCC_WARN_64_TO_32_BIT_CONVERSION = YES;
				GCC_WARN_ABOUT_RETURN_TYPE = YES_ERROR;
				GCC_WARN_UNDECLARED_SELECTOR = YES;
				GCC_WARN_UNINITIALIZED_AUTOS = YES_AGGRESSIVE;
				GCC_WARN_UNUSED_FUNCTION = YES;
				GCC_WARN_UNUSED_VARIABLE = YES;
				IPHONEOS_DEPLOYMENT_TARGET = 18.1;
				LOCALIZATION_PREFERS_STRING_CATALOGS = YES;
				MTL_ENABLE_DEBUG_INFO = INCLUDE_SOURCE;
				MTL_FAST_MATH = YES;
				ONLY_ACTIVE_ARCH = YES;
				SDKROOT = iphoneos;
				SWIFT_ACTIVE_COMPILATION_CONDITIONS = "DEBUG $(inherited)";
				SWIFT_OPTIMIZATION_LEVEL = "-Onone";
			};
			name = Debug;
		};
		28435E262DA570CA001F52D0 /* Release */ = {
			isa = XCBuildConfiguration;
			buildSettings = {
				ALWAYS_SEARCH_USER_PATHS = NO;
				ASSETCATALOG_COMPILER_GENERATE_SWIFT_ASSET_SYMBOL_EXTENSIONS = YES;
				CLANG_ANALYZER_NONNULL = YES;
				CLANG_ANALYZER_NUMBER_OBJECT_CONVERSION = YES_AGGRESSIVE;
				CLANG_CXX_LANGUAGE_STANDARD = "gnu++20";
				CLANG_ENABLE_MODULES = YES;
				CLANG_ENABLE_OBJC_ARC = YES;
				CLANG_ENABLE_OBJC_WEAK = YES;
				CLANG_WARN_BLOCK_CAPTURE_AUTORELEASING = YES;
				CLANG_WARN_BOOL_CONVERSION = YES;
				CLANG_WARN_COMMA = YES;
				CLANG_WARN_CONSTANT_CONVERSION = YES;
				CLANG_WARN_DEPRECATED_OBJC_IMPLEMENTATIONS = YES;
				CLANG_WARN_DIRECT_OBJC_ISA_USAGE = YES_ERROR;
				CLANG_WARN_DOCUMENTATION_COMMENTS = YES;
				CLANG_WARN_EMPTY_BODY = YES;
				CLANG_WARN_ENUM_CONVERSION = YES;
				CLANG_WARN_INFINITE_RECURSION = YES;
				CLANG_WARN_INT_CONVERSION = YES;
				CLANG_WARN_NON_LITERAL_NULL_CONVERSION = YES;
				CLANG_WARN_OBJC_IMPLICIT_RETAIN_SELF = YES;
				CLANG_WARN_OBJC_LITERAL_CONVERSION = YES;
				CLANG_WARN_OBJC_ROOT_CLASS = YES_ERROR;
				CLANG_WARN_QUOTED_INCLUDE_IN_FRAMEWORK_HEADER = YES;
				CLANG_WARN_RANGE_LOOP_ANALYSIS = YES;
				CLANG_WARN_STRICT_PROTOTYPES = YES;
				CLANG_WARN_SUSPICIOUS_MOVE = YES;
				CLANG_WARN_UNGUARDED_AVAILABILITY = YES_AGGRESSIVE;
				CLANG_WARN_UNREACHABLE_CODE = YES;
				CLANG_WARN__DUPLICATE_METHOD_MATCH = YES;
				COPY_PHASE_STRIP = NO;
				DEBUG_INFORMATION_FORMAT = "dwarf-with-dsym";
				ENABLE_NS_ASSERTIONS = NO;
				ENABLE_STRICT_OBJC_MSGSEND = YES;
				ENABLE_USER_SCRIPT_SANDBOXING = YES;
				GCC_C_LANGUAGE_STANDARD = gnu17;
				GCC_NO_COMMON_BLOCKS = YES;
				GCC_WARN_64_TO_32_BIT_CONVERSION = YES;
				GCC_WARN_ABOUT_RETURN_TYPE = YES_ERROR;
				GCC_WARN_UNDECLARED_SELECTOR = YES;
				GCC_WARN_UNINITIALIZED_AUTOS = YES_AGGRESSIVE;
				GCC_WARN_UNUSED_FUNCTION = YES;
				GCC_WARN_UNUSED_VARIABLE = YES;
				IPHONEOS_DEPLOYMENT_TARGET = 18.1;
				LOCALIZATION_PREFERS_STRING_CATALOGS = YES;
				MTL_ENABLE_DEBUG_INFO = NO;
				MTL_FAST_MATH = YES;
				SDKROOT = iphoneos;
				SWIFT_COMPILATION_MODE = wholemodule;
				VALIDATE_PRODUCT = YES;
			};
			name = Release;
		};
		28435E282DA570CA001F52D0 /* Debug */ = {
			isa = XCBuildConfiguration;
			buildSettings = {
				BUNDLE_LOADER = "$(TEST_HOST)";
				CODE_SIGN_STYLE = Automatic;
				CURRENT_PROJECT_VERSION = 1;
				GENERATE_INFOPLIST_FILE = YES;
				IPHONEOS_DEPLOYMENT_TARGET = 18.1;
				MARKETING_VERSION = 1.0;
				PRODUCT_BUNDLE_IDENTIFIER = AmitKumar.AIAdGeneratorTests;
				PRODUCT_NAME = "$(TARGET_NAME)";
				SWIFT_EMIT_LOC_STRINGS = NO;
				SWIFT_VERSION = 5.0;
				TARGETED_DEVICE_FAMILY = "1,2";
				TEST_HOST = "$(BUILT_PRODUCTS_DIR)/AIAdGenerator.app/$(BUNDLE_EXECUTABLE_FOLDER_PATH)/AIAdGenerator";
			};
			name = Debug;
		};
		28435E292DA570CA001F52D0 /* Release */ = {
			isa = XCBuildConfiguration;
			buildSettings = {
				BUNDLE_LOADER = "$(TEST_HOST)";
				CODE_SIGN_STYLE = Automatic;
				CURRENT_PROJECT_VERSION = 1;
				GENERATE_INFOPLIST_FILE = YES;
				IPHONEOS_DEPLOYMENT_TARGET = 18.1;
				MARKETING_VERSION = 1.0;
				PRODUCT_BUNDLE_IDENTIFIER = AmitKumar.AIAdGeneratorTests;
				PRODUCT_NAME = "$(TARGET_NAME)";
				SWIFT_EMIT_LOC_STRINGS = NO;
				SWIFT_VERSION = 5.0;
				TARGETED_DEVICE_FAMILY = "1,2";
				TEST_HOST = "$(BUILT_PRODUCTS_DIR)/AIAdGenerator.app/$(BUNDLE_EXECUTABLE_FOLDER_PATH)/AIAdGenerator";
			};
			name = Release;
		};
		28435E2B2DA570CA001F52D0 /* Debug */ = {
			isa = XCBuildConfiguration;
			buildSettings = {
				CODE_SIGN_STYLE = Automatic;
				CURRENT_PROJECT_VERSION = 1;
				GENERATE_INFOPLIST_FILE = YES;
				MARKETING_VERSION = 1.0;
				PRODUCT_BUNDLE_IDENTIFIER = AmitKumar.AIAdGeneratorUITests;
				PRODUCT_NAME = "$(TARGET_NAME)";
				SWIFT_EMIT_LOC_STRINGS = NO;
				SWIFT_VERSION = 5.0;
				TARGETED_DEVICE_FAMILY = "1,2";
				TEST_TARGET_NAME = AIAdGenerator;
			};
			name = Debug;
		};
		28435E2C2DA570CA001F52D0 /* Release */ = {
			isa = XCBuildConfiguration;
			buildSettings = {
				CODE_SIGN_STYLE = Automatic;
				CURRENT_PROJECT_VERSION = 1;
				GENERATE_INFOPLIST_FILE = YES;
				MARKETING_VERSION = 1.0;
				PRODUCT_BUNDLE_IDENTIFIER = AmitKumar.AIAdGeneratorUITests;
				PRODUCT_NAME = "$(TARGET_NAME)";
				SWIFT_EMIT_LOC_STRINGS = NO;
				SWIFT_VERSION = 5.0;
				TARGETED_DEVICE_FAMILY = "1,2";
				TEST_TARGET_NAME = AIAdGenerator;
			};
			name = Release;
		};
/* End XCBuildConfiguration section */

/* Begin XCConfigurationList section */
		28435DF42DA570C7001F52D0 /* Build configuration list for PBXProject "AIAdGenerator" */ = {
			isa = XCConfigurationList;
			buildConfigurations = (
				28435E252DA570CA001F52D0 /* Debug */,
				28435E262DA570CA001F52D0 /* Release */,
			);
			defaultConfigurationIsVisible = 0;
			defaultConfigurationName = Release;
		};
		28435E222DA570CA001F52D0 /* Build configuration list for PBXNativeTarget "AIAdGenerator" */ = {
			isa = XCConfigurationList;
			buildConfigurations = (
				28435E232DA570CA001F52D0 /* Debug */,
				28435E242DA570CA001F52D0 /* Release */,
			);
			defaultConfigurationIsVisible = 0;
			defaultConfigurationName = Release;
		};
		28435E272DA570CA001F52D0 /* Build configuration list for PBXNativeTarget "AIAdGeneratorTests" */ = {
			isa = XCConfigurationList;
			buildConfigurations = (
				28435E282DA570CA001F52D0 /* Debug */,
				28435E292DA570CA001F52D0 /* Release */,
			);
			defaultConfigurationIsVisible = 0;
			defaultConfigurationName = Release;
		};
		28435E2A2DA570CA001F52D0 /* Build configuration list for PBXNativeTarget "AIAdGeneratorUITests" */ = {
			isa = XCConfigurationList;
			buildConfigurations = (
				28435E2B2DA570CA001F52D0 /* Debug */,
				28435E2C2DA570CA001F52D0 /* Release */,
			);
			defaultConfigurationIsVisible = 0;
			defaultConfigurationName = Release;
		};
/* End XCConfigurationList section */
	};
	rootObject = 28435DF12DA570C7001F52D0 /* Project object */;
}
